// !$*UTF8*$!
{
	archiveVersion = 1;
	classes = {
	};
	objectVersion = 55;
	objects = {

/* Begin PBXBuildFile section */
		CDEBB20B284949A300743E37 /* Simple_Hong_Kong_Weather_WidgetApp.swift in Sources */ = {isa = PBXBuildFile; fileRef = CDEBB20A284949A300743E37 /* Simple_Hong_Kong_Weather_WidgetApp.swift */; };
		CDEBB20D284949A300743E37 /* ContentView.swift in Sources */ = {isa = PBXBuildFile; fileRef = CDEBB20C284949A300743E37 /* ContentView.swift */; };
		CDEBB20F284949A800743E37 /* Assets.xcassets in Resources */ = {isa = PBXBuildFile; fileRef = CDEBB20E284949A800743E37 /* Assets.xcassets */; };
		CDEBB212284949A800743E37 /* Preview Assets.xcassets in Resources */ = {isa = PBXBuildFile; fileRef = CDEBB211284949A800743E37 /* Preview Assets.xcassets */; };
		CDEBB21C284949A900743E37 /* Simple_Hong_Kong_Weather_WidgetTests.swift in Sources */ = {isa = PBXBuildFile; fileRef = CDEBB21B284949A900743E37 /* Simple_Hong_Kong_Weather_WidgetTests.swift */; };
		CDEBB226284949A900743E37 /* Simple_Hong_Kong_Weather_WidgetUITests.swift in Sources */ = {isa = PBXBuildFile; fileRef = CDEBB225284949A900743E37 /* Simple_Hong_Kong_Weather_WidgetUITests.swift */; };
		CDEBB228284949A900743E37 /* Simple_Hong_Kong_Weather_WidgetUITestsLaunchTests.swift in Sources */ = {isa = PBXBuildFile; fileRef = CDEBB227284949A900743E37 /* Simple_Hong_Kong_Weather_WidgetUITestsLaunchTests.swift */; };
		CDEBB23B28494C9F00743E37 /* WidgetKit.framework in Frameworks */ = {isa = PBXBuildFile; fileRef = CDEBB23A28494C9F00743E37 /* WidgetKit.framework */; };
		CDEBB23D28494C9F00743E37 /* SwiftUI.framework in Frameworks */ = {isa = PBXBuildFile; fileRef = CDEBB23C28494C9F00743E37 /* SwiftUI.framework */; };
		CDEBB24028494C9F00743E37 /* HK_Weather.swift in Sources */ = {isa = PBXBuildFile; fileRef = CDEBB23F28494C9F00743E37 /* HK_Weather.swift */; };
		CDEBB24228494CA100743E37 /* Assets.xcassets in Resources */ = {isa = PBXBuildFile; fileRef = CDEBB24128494CA100743E37 /* Assets.xcassets */; };
		CDEBB24628494CA100743E37 /* HK WeatherExtension.appex in Embed App Extensions */ = {isa = PBXBuildFile; fileRef = CDEBB23828494C9F00743E37 /* HK WeatherExtension.appex */; settings = {ATTRIBUTES = (RemoveHeadersOnCopy, ); }; };
		CDEBB2552849579400743E37 /* Weather.swift in Sources */ = {isa = PBXBuildFile; fileRef = CDEBB2542849579400743E37 /* Weather.swift */; };
		CDEBB2572849588D00743E37 /* WeatherEntry.swift in Sources */ = {isa = PBXBuildFile; fileRef = CDEBB2562849588D00743E37 /* WeatherEntry.swift */; };
		CDEBB2592849590400743E37 /* WeatherService.swift in Sources */ = {isa = PBXBuildFile; fileRef = CDEBB2582849590400743E37 /* WeatherService.swift */; };
		CDEBB25B28495B6400743E37 /* WeatherResponse.swift in Sources */ = {isa = PBXBuildFile; fileRef = CDEBB25A28495B6400743E37 /* WeatherResponse.swift */; };
/* End PBXBuildFile section */

/* Begin PBXContainerItemProxy section */
		CDEBB218284949A900743E37 /* PBXContainerItemProxy */ = {
			isa = PBXContainerItemProxy;
			containerPortal = CDEBB1FF284949A300743E37 /* Project object */;
			proxyType = 1;
			remoteGlobalIDString = CDEBB206284949A300743E37;
			remoteInfo = "Simple Hong Kong Weather Widget";
		};
		CDEBB222284949A900743E37 /* PBXContainerItemProxy */ = {
			isa = PBXContainerItemProxy;
			containerPortal = CDEBB1FF284949A300743E37 /* Project object */;
			proxyType = 1;
			remoteGlobalIDString = CDEBB206284949A300743E37;
			remoteInfo = "Simple Hong Kong Weather Widget";
		};
		CDEBB24428494CA100743E37 /* PBXContainerItemProxy */ = {
			isa = PBXContainerItemProxy;
			containerPortal = CDEBB1FF284949A300743E37 /* Project object */;
			proxyType = 1;
			remoteGlobalIDString = CDEBB23728494C9F00743E37;
			remoteInfo = "HK WeatherExtension";
		};
/* End PBXContainerItemProxy section */

/* Begin PBXCopyFilesBuildPhase section */
		CDEBB24A28494CA100743E37 /* Embed App Extensions */ = {
			isa = PBXCopyFilesBuildPhase;
			buildActionMask = 2147483647;
			dstPath = "";
			dstSubfolderSpec = 13;
			files = (
				CDEBB24628494CA100743E37 /* HK WeatherExtension.appex in Embed App Extensions */,
			);
			name = "Embed App Extensions";
			runOnlyForDeploymentPostprocessing = 0;
		};
/* End PBXCopyFilesBuildPhase section */

/* Begin PBXFileReference section */
		CDEBB207284949A300743E37 /* Simple Hong Kong Weather Widget.app */ = {isa = PBXFileReference; explicitFileType = wrapper.application; includeInIndex = 0; path = "Simple Hong Kong Weather Widget.app"; sourceTree = BUILT_PRODUCTS_DIR; };
		CDEBB20A284949A300743E37 /* Simple_Hong_Kong_Weather_WidgetApp.swift */ = {isa = PBXFileReference; lastKnownFileType = sourcecode.swift; path = Simple_Hong_Kong_Weather_WidgetApp.swift; sourceTree = "<group>"; };
		CDEBB20C284949A300743E37 /* ContentView.swift */ = {isa = PBXFileReference; lastKnownFileType = sourcecode.swift; path = ContentView.swift; sourceTree = "<group>"; };
		CDEBB20E284949A800743E37 /* Assets.xcassets */ = {isa = PBXFileReference; lastKnownFileType = folder.assetcatalog; path = Assets.xcassets; sourceTree = "<group>"; };
		CDEBB211284949A800743E37 /* Preview Assets.xcassets */ = {isa = PBXFileReference; lastKnownFileType = folder.assetcatalog; path = "Preview Assets.xcassets"; sourceTree = "<group>"; };
		CDEBB217284949A900743E37 /* Simple Hong Kong Weather WidgetTests.xctest */ = {isa = PBXFileReference; explicitFileType = wrapper.cfbundle; includeInIndex = 0; path = "Simple Hong Kong Weather WidgetTests.xctest"; sourceTree = BUILT_PRODUCTS_DIR; };
		CDEBB21B284949A900743E37 /* Simple_Hong_Kong_Weather_WidgetTests.swift */ = {isa = PBXFileReference; lastKnownFileType = sourcecode.swift; path = Simple_Hong_Kong_Weather_WidgetTests.swift; sourceTree = "<group>"; };
		CDEBB221284949A900743E37 /* Simple Hong Kong Weather WidgetUITests.xctest */ = {isa = PBXFileReference; explicitFileType = wrapper.cfbundle; includeInIndex = 0; path = "Simple Hong Kong Weather WidgetUITests.xctest"; sourceTree = BUILT_PRODUCTS_DIR; };
		CDEBB225284949A900743E37 /* Simple_Hong_Kong_Weather_WidgetUITests.swift */ = {isa = PBXFileReference; lastKnownFileType = sourcecode.swift; path = Simple_Hong_Kong_Weather_WidgetUITests.swift; sourceTree = "<group>"; };
		CDEBB227284949A900743E37 /* Simple_Hong_Kong_Weather_WidgetUITestsLaunchTests.swift */ = {isa = PBXFileReference; lastKnownFileType = sourcecode.swift; path = Simple_Hong_Kong_Weather_WidgetUITestsLaunchTests.swift; sourceTree = "<group>"; };
		CDEBB23828494C9F00743E37 /* HK WeatherExtension.appex */ = {isa = PBXFileReference; explicitFileType = "wrapper.app-extension"; includeInIndex = 0; path = "HK WeatherExtension.appex"; sourceTree = BUILT_PRODUCTS_DIR; };
		CDEBB23A28494C9F00743E37 /* WidgetKit.framework */ = {isa = PBXFileReference; lastKnownFileType = wrapper.framework; name = WidgetKit.framework; path = System/Library/Frameworks/WidgetKit.framework; sourceTree = SDKROOT; };
		CDEBB23C28494C9F00743E37 /* SwiftUI.framework */ = {isa = PBXFileReference; lastKnownFileType = wrapper.framework; name = SwiftUI.framework; path = System/Library/Frameworks/SwiftUI.framework; sourceTree = SDKROOT; };
		CDEBB23F28494C9F00743E37 /* HK_Weather.swift */ = {isa = PBXFileReference; lastKnownFileType = sourcecode.swift; path = HK_Weather.swift; sourceTree = "<group>"; };
		CDEBB24128494CA100743E37 /* Assets.xcassets */ = {isa = PBXFileReference; lastKnownFileType = folder.assetcatalog; path = Assets.xcassets; sourceTree = "<group>"; };
		CDEBB24328494CA100743E37 /* Info.plist */ = {isa = PBXFileReference; lastKnownFileType = text.plist.xml; path = Info.plist; sourceTree = "<group>"; };
		CDEBB2542849579400743E37 /* Weather.swift */ = {isa = PBXFileReference; lastKnownFileType = sourcecode.swift; path = Weather.swift; sourceTree = "<group>"; };
		CDEBB2562849588D00743E37 /* WeatherEntry.swift */ = {isa = PBXFileReference; lastKnownFileType = sourcecode.swift; path = WeatherEntry.swift; sourceTree = "<group>"; };
		CDEBB2582849590400743E37 /* WeatherService.swift */ = {isa = PBXFileReference; lastKnownFileType = sourcecode.swift; path = WeatherService.swift; sourceTree = "<group>"; };
		CDEBB25A28495B6400743E37 /* WeatherResponse.swift */ = {isa = PBXFileReference; lastKnownFileType = sourcecode.swift; path = WeatherResponse.swift; sourceTree = "<group>"; };
/* End PBXFileReference section */

/* Begin PBXFrameworksBuildPhase section */
		CDEBB204284949A300743E37 /* Frameworks */ = {
			isa = PBXFrameworksBuildPhase;
			buildActionMask = 2147483647;
			files = (
			);
			runOnlyForDeploymentPostprocessing = 0;
		};
		CDEBB214284949A900743E37 /* Frameworks */ = {
			isa = PBXFrameworksBuildPhase;
			buildActionMask = 2147483647;
			files = (
			);
			runOnlyForDeploymentPostprocessing = 0;
		};
		CDEBB21E284949A900743E37 /* Frameworks */ = {
			isa = PBXFrameworksBuildPhase;
			buildActionMask = 2147483647;
			files = (
			);
			runOnlyForDeploymentPostprocessing = 0;
		};
		CDEBB23528494C9F00743E37 /* Frameworks */ = {
			isa = PBXFrameworksBuildPhase;
			buildActionMask = 2147483647;
			files = (
				CDEBB23D28494C9F00743E37 /* SwiftUI.framework in Frameworks */,
				CDEBB23B28494C9F00743E37 /* WidgetKit.framework in Frameworks */,
			);
			runOnlyForDeploymentPostprocessing = 0;
		};
/* End PBXFrameworksBuildPhase section */

/* Begin PBXGroup section */
		CDEBB1FE284949A300743E37 = {
			isa = PBXGroup;
			children = (
				CDEBB209284949A300743E37 /* Simple Hong Kong Weather Widget */,
				CDEBB21A284949A900743E37 /* Simple Hong Kong Weather WidgetTests */,
				CDEBB224284949A900743E37 /* Simple Hong Kong Weather WidgetUITests */,
				CDEBB23E28494C9F00743E37 /* HK Weather */,
				CDEBB23928494C9F00743E37 /* Frameworks */,
				CDEBB208284949A300743E37 /* Products */,
			);
			sourceTree = "<group>";
		};
		CDEBB208284949A300743E37 /* Products */ = {
			isa = PBXGroup;
			children = (
				CDEBB207284949A300743E37 /* Simple Hong Kong Weather Widget.app */,
				CDEBB217284949A900743E37 /* Simple Hong Kong Weather WidgetTests.xctest */,
				CDEBB221284949A900743E37 /* Simple Hong Kong Weather WidgetUITests.xctest */,
				CDEBB23828494C9F00743E37 /* HK WeatherExtension.appex */,
			);
			name = Products;
			sourceTree = "<group>";
		};
		CDEBB209284949A300743E37 /* Simple Hong Kong Weather Widget */ = {
			isa = PBXGroup;
			children = (
				CDEBB20A284949A300743E37 /* Simple_Hong_Kong_Weather_WidgetApp.swift */,
				CDEBB20C284949A300743E37 /* ContentView.swift */,
				CDEBB20E284949A800743E37 /* Assets.xcassets */,
				CDEBB210284949A800743E37 /* Preview Content */,
			);
			path = "Simple Hong Kong Weather Widget";
			sourceTree = "<group>";
		};
		CDEBB210284949A800743E37 /* Preview Content */ = {
			isa = PBXGroup;
			children = (
				CDEBB211284949A800743E37 /* Preview Assets.xcassets */,
			);
			path = "Preview Content";
			sourceTree = "<group>";
		};
		CDEBB21A284949A900743E37 /* Simple Hong Kong Weather WidgetTests */ = {
			isa = PBXGroup;
			children = (
				CDEBB21B284949A900743E37 /* Simple_Hong_Kong_Weather_WidgetTests.swift */,
			);
			path = "Simple Hong Kong Weather WidgetTests";
			sourceTree = "<group>";
		};
		CDEBB224284949A900743E37 /* Simple Hong Kong Weather WidgetUITests */ = {
			isa = PBXGroup;
			children = (
				CDEBB225284949A900743E37 /* Simple_Hong_Kong_Weather_WidgetUITests.swift */,
				CDEBB227284949A900743E37 /* Simple_Hong_Kong_Weather_WidgetUITestsLaunchTests.swift */,
			);
			path = "Simple Hong Kong Weather WidgetUITests";
			sourceTree = "<group>";
		};
		CDEBB23928494C9F00743E37 /* Frameworks */ = {
			isa = PBXGroup;
			children = (
				CDEBB23A28494C9F00743E37 /* WidgetKit.framework */,
				CDEBB23C28494C9F00743E37 /* SwiftUI.framework */,
			);
			name = Frameworks;
			sourceTree = "<group>";
		};
		CDEBB23E28494C9F00743E37 /* HK Weather */ = {
			isa = PBXGroup;
			children = (
				CDEBB2502849547900743E37 /* WIdget */,
				CDEBB24F2849546B00743E37 /* Utils */,
				CDEBB24E2849546500743E37 /* Services */,
				CDEBB24D2849545E00743E37 /* Models */,
				CDEBB24C2849545A00743E37 /* Views */,
				CDEBB24B2849545300743E37 /* App */,
			);
			path = "HK Weather";
			sourceTree = "<group>";
		};
		CDEBB24B2849545300743E37 /* App */ = {
			isa = PBXGroup;
			children = (
				CDEBB24328494CA100743E37 /* Info.plist */,
				CDEBB24128494CA100743E37 /* Assets.xcassets */,
			);
			path = App;
			sourceTree = "<group>";
		};
		CDEBB24C2849545A00743E37 /* Views */ = {
			isa = PBXGroup;
			children = (
			);
			path = Views;
			sourceTree = "<group>";
		};
		CDEBB24D2849545E00743E37 /* Models */ = {
			isa = PBXGroup;
			children = (
				CDEBB2542849579400743E37 /* Weather.swift */,
				CDEBB2562849588D00743E37 /* WeatherEntry.swift */,
				CDEBB25A28495B6400743E37 /* WeatherResponse.swift */,
			);
			path = Models;
			sourceTree = "<group>";
		};
		CDEBB24E2849546500743E37 /* Services */ = {
			isa = PBXGroup;
			children = (
				CDEBB2582849590400743E37 /* WeatherService.swift */,
			);
			path = Services;
			sourceTree = "<group>";
		};
		CDEBB24F2849546B00743E37 /* Utils */ = {
			isa = PBXGroup;
			children = (
			);
			path = Utils;
			sourceTree = "<group>";
		};
		CDEBB2502849547900743E37 /* WIdget */ = {
			isa = PBXGroup;
			children = (
				CDEBB23F28494C9F00743E37 /* HK_Weather.swift */,
			);
			path = WIdget;
			sourceTree = "<group>";
		};
/* End PBXGroup section */

/* Begin PBXNativeTarget section */
		CDEBB206284949A300743E37 /* Simple Hong Kong Weather Widget */ = {
			isa = PBXNativeTarget;
			buildConfigurationList = CDEBB22B284949A900743E37 /* Build configuration list for PBXNativeTarget "Simple Hong Kong Weather Widget" */;
			buildPhases = (
				CDEBB203284949A300743E37 /* Sources */,
				CDEBB204284949A300743E37 /* Frameworks */,
				CDEBB205284949A300743E37 /* Resources */,
				CDEBB24A28494CA100743E37 /* Embed App Extensions */,
			);
			buildRules = (
			);
			dependencies = (
				CDEBB24528494CA100743E37 /* PBXTargetDependency */,
			);
			name = "Simple Hong Kong Weather Widget";
			productName = "Simple Hong Kong Weather Widget";
			productReference = CDEBB207284949A300743E37 /* Simple Hong Kong Weather Widget.app */;
			productType = "com.apple.product-type.application";
		};
		CDEBB216284949A900743E37 /* Simple Hong Kong Weather WidgetTests */ = {
			isa = PBXNativeTarget;
			buildConfigurationList = CDEBB22E284949A900743E37 /* Build configuration list for PBXNativeTarget "Simple Hong Kong Weather WidgetTests" */;
			buildPhases = (
				CDEBB213284949A900743E37 /* Sources */,
				CDEBB214284949A900743E37 /* Frameworks */,
				CDEBB215284949A900743E37 /* Resources */,
			);
			buildRules = (
			);
			dependencies = (
				CDEBB219284949A900743E37 /* PBXTargetDependency */,
			);
			name = "Simple Hong Kong Weather WidgetTests";
			productName = "Simple Hong Kong Weather WidgetTests";
			productReference = CDEBB217284949A900743E37 /* Simple Hong Kong Weather WidgetTests.xctest */;
			productType = "com.apple.product-type.bundle.unit-test";
		};
		CDEBB220284949A900743E37 /* Simple Hong Kong Weather WidgetUITests */ = {
			isa = PBXNativeTarget;
			buildConfigurationList = CDEBB231284949A900743E37 /* Build configuration list for PBXNativeTarget "Simple Hong Kong Weather WidgetUITests" */;
			buildPhases = (
				CDEBB21D284949A900743E37 /* Sources */,
				CDEBB21E284949A900743E37 /* Frameworks */,
				CDEBB21F284949A900743E37 /* Resources */,
			);
			buildRules = (
			);
			dependencies = (
				CDEBB223284949A900743E37 /* PBXTargetDependency */,
			);
			name = "Simple Hong Kong Weather WidgetUITests";
			productName = "Simple Hong Kong Weather WidgetUITests";
			productReference = CDEBB221284949A900743E37 /* Simple Hong Kong Weather WidgetUITests.xctest */;
			productType = "com.apple.product-type.bundle.ui-testing";
		};
		CDEBB23728494C9F00743E37 /* HK WeatherExtension */ = {
			isa = PBXNativeTarget;
			buildConfigurationList = CDEBB24728494CA100743E37 /* Build configuration list for PBXNativeTarget "HK WeatherExtension" */;
			buildPhases = (
				CDEBB23428494C9F00743E37 /* Sources */,
				CDEBB23528494C9F00743E37 /* Frameworks */,
				CDEBB23628494C9F00743E37 /* Resources */,
			);
			buildRules = (
			);
			dependencies = (
			);
			name = "HK WeatherExtension";
			productName = "HK WeatherExtension";
			productReference = CDEBB23828494C9F00743E37 /* HK WeatherExtension.appex */;
			productType = "com.apple.product-type.app-extension";
		};
/* End PBXNativeTarget section */

/* Begin PBXProject section */
		CDEBB1FF284949A300743E37 /* Project object */ = {
			isa = PBXProject;
			attributes = {
				BuildIndependentTargetsInParallel = 1;
				LastSwiftUpdateCheck = 1340;
				LastUpgradeCheck = 1340;
				TargetAttributes = {
					CDEBB206284949A300743E37 = {
						CreatedOnToolsVersion = 13.4;
					};
					CDEBB216284949A900743E37 = {
						CreatedOnToolsVersion = 13.4;
						TestTargetID = CDEBB206284949A300743E37;
					};
					CDEBB220284949A900743E37 = {
						CreatedOnToolsVersion = 13.4;
						TestTargetID = CDEBB206284949A300743E37;
					};
					CDEBB23728494C9F00743E37 = {
						CreatedOnToolsVersion = 13.4;
					};
				};
			};
			buildConfigurationList = CDEBB202284949A300743E37 /* Build configuration list for PBXProject "Simple Hong Kong Weather Widget" */;
			compatibilityVersion = "Xcode 13.0";
			developmentRegion = en;
			hasScannedForEncodings = 0;
			knownRegions = (
				en,
				Base,
			);
			mainGroup = CDEBB1FE284949A300743E37;
			productRefGroup = CDEBB208284949A300743E37 /* Products */;
			projectDirPath = "";
			projectRoot = "";
			targets = (
				CDEBB206284949A300743E37 /* Simple Hong Kong Weather Widget */,
				CDEBB216284949A900743E37 /* Simple Hong Kong Weather WidgetTests */,
				CDEBB220284949A900743E37 /* Simple Hong Kong Weather WidgetUITests */,
				CDEBB23728494C9F00743E37 /* HK WeatherExtension */,
			);
		};
/* End PBXProject section */

/* Begin PBXResourcesBuildPhase section */
		CDEBB205284949A300743E37 /* Resources */ = {
			isa = PBXResourcesBuildPhase;
			buildActionMask = 2147483647;
			files = (
				CDEBB212284949A800743E37 /* Preview Assets.xcassets in Resources */,
				CDEBB20F284949A800743E37 /* Assets.xcassets in Resources */,
			);
			runOnlyForDeploymentPostprocessing = 0;
		};
		CDEBB215284949A900743E37 /* Resources */ = {
			isa = PBXResourcesBuildPhase;
			buildActionMask = 2147483647;
			files = (
			);
			runOnlyForDeploymentPostprocessing = 0;
		};
		CDEBB21F284949A900743E37 /* Resources */ = {
			isa = PBXResourcesBuildPhase;
			buildActionMask = 2147483647;
			files = (
			);
			runOnlyForDeploymentPostprocessing = 0;
		};
		CDEBB23628494C9F00743E37 /* Resources */ = {
			isa = PBXResourcesBuildPhase;
			buildActionMask = 2147483647;
			files = (
				CDEBB24228494CA100743E37 /* Assets.xcassets in Resources */,
			);
			runOnlyForDeploymentPostprocessing = 0;
		};
/* End PBXResourcesBuildPhase section */

/* Begin PBXSourcesBuildPhase section */
		CDEBB203284949A300743E37 /* Sources */ = {
			isa = PBXSourcesBuildPhase;
			buildActionMask = 2147483647;
			files = (
				CDEBB20D284949A300743E37 /* ContentView.swift in Sources */,
				CDEBB20B284949A300743E37 /* Simple_Hong_Kong_Weather_WidgetApp.swift in Sources */,
			);
			runOnlyForDeploymentPostprocessing = 0;
		};
		CDEBB213284949A900743E37 /* Sources */ = {
			isa = PBXSourcesBuildPhase;
			buildActionMask = 2147483647;
			files = (
				CDEBB21C284949A900743E37 /* Simple_Hong_Kong_Weather_WidgetTests.swift in Sources */,
			);
			runOnlyForDeploymentPostprocessing = 0;
		};
		CDEBB21D284949A900743E37 /* Sources */ = {
			isa = PBXSourcesBuildPhase;
			buildActionMask = 2147483647;
			files = (
				CDEBB228284949A900743E37 /* Simple_Hong_Kong_Weather_WidgetUITestsLaunchTests.swift in Sources */,
				CDEBB226284949A900743E37 /* Simple_Hong_Kong_Weather_WidgetUITests.swift in Sources */,
			);
			runOnlyForDeploymentPostprocessing = 0;
		};
		CDEBB23428494C9F00743E37 /* Sources */ = {
			isa = PBXSourcesBuildPhase;
			buildActionMask = 2147483647;
			files = (
				CDEBB2592849590400743E37 /* WeatherService.swift in Sources */,
				CDEBB25B28495B6400743E37 /* WeatherResponse.swift in Sources */,
				CDEBB2552849579400743E37 /* Weather.swift in Sources */,
				CDEBB24028494C9F00743E37 /* HK_Weather.swift in Sources */,
				CDEBB2572849588D00743E37 /* WeatherEntry.swift in Sources */,
			);
			runOnlyForDeploymentPostprocessing = 0;
		};
/* End PBXSourcesBuildPhase section */

/* Begin PBXTargetDependency section */
		CDEBB219284949A900743E37 /* PBXTargetDependency */ = {
			isa = PBXTargetDependency;
			target = CDEBB206284949A300743E37 /* Simple Hong Kong Weather Widget */;
			targetProxy = CDEBB218284949A900743E37 /* PBXContainerItemProxy */;
		};
		CDEBB223284949A900743E37 /* PBXTargetDependency */ = {
			isa = PBXTargetDependency;
			target = CDEBB206284949A300743E37 /* Simple Hong Kong Weather Widget */;
			targetProxy = CDEBB222284949A900743E37 /* PBXContainerItemProxy */;
		};
		CDEBB24528494CA100743E37 /* PBXTargetDependency */ = {
			isa = PBXTargetDependency;
			target = CDEBB23728494C9F00743E37 /* HK WeatherExtension */;
			targetProxy = CDEBB24428494CA100743E37 /* PBXContainerItemProxy */;
		};
/* End PBXTargetDependency section */

/* Begin XCBuildConfiguration section */
		CDEBB229284949A900743E37 /* Debug */ = {
			isa = XCBuildConfiguration;
			buildSettings = {
				ALWAYS_SEARCH_USER_PATHS = NO;
				CLANG_ANALYZER_NONNULL = YES;
				CLANG_ANALYZER_NUMBER_OBJECT_CONVERSION = YES_AGGRESSIVE;
				CLANG_CXX_LANGUAGE_STANDARD = "gnu++17";
				CLANG_ENABLE_MODULES = YES;
				CLANG_ENABLE_OBJC_ARC = YES;
				CLANG_ENABLE_OBJC_WEAK = YES;
				CLANG_WARN_BLOCK_CAPTURE_AUTORELEASING = YES;
				CLANG_WARN_BOOL_CONVERSION = YES;
				CLANG_WARN_COMMA = YES;
				CLANG_WARN_CONSTANT_CONVERSION = YES;
				CLANG_WARN_DEPRECATED_OBJC_IMPLEMENTATIONS = YES;
				CLANG_WARN_DIRECT_OBJC_ISA_USAGE = YES_ERROR;
				CLANG_WARN_DOCUMENTATION_COMMENTS = YES;
				CLANG_WARN_EMPTY_BODY = YES;
				CLANG_WARN_ENUM_CONVERSION = YES;
				CLANG_WARN_INFINITE_RECURSION = YES;
				CLANG_WARN_INT_CONVERSION = YES;
				CLANG_WARN_NON_LITERAL_NULL_CONVERSION = YES;
				CLANG_WARN_OBJC_IMPLICIT_RETAIN_SELF = YES;
				CLANG_WARN_OBJC_LITERAL_CONVERSION = YES;
				CLANG_WARN_OBJC_ROOT_CLASS = YES_ERROR;
				CLANG_WARN_QUOTED_INCLUDE_IN_FRAMEWORK_HEADER = YES;
				CLANG_WARN_RANGE_LOOP_ANALYSIS = YES;
				CLANG_WARN_STRICT_PROTOTYPES = YES;
				CLANG_WARN_SUSPICIOUS_MOVE = YES;
				CLANG_WARN_UNGUARDED_AVAILABILITY = YES_AGGRESSIVE;
				CLANG_WARN_UNREACHABLE_CODE = YES;
				CLANG_WARN__DUPLICATE_METHOD_MATCH = YES;
				COPY_PHASE_STRIP = NO;
				DEBUG_INFORMATION_FORMAT = dwarf;
				ENABLE_STRICT_OBJC_MSGSEND = YES;
				ENABLE_TESTABILITY = YES;
				GCC_C_LANGUAGE_STANDARD = gnu11;
				GCC_DYNAMIC_NO_PIC = NO;
				GCC_NO_COMMON_BLOCKS = YES;
				GCC_OPTIMIZATION_LEVEL = 0;
				GCC_PREPROCESSOR_DEFINITIONS = (
					"DEBUG=1",
					"$(inherited)",
				);
				GCC_WARN_64_TO_32_BIT_CONVERSION = YES;
				GCC_WARN_ABOUT_RETURN_TYPE = YES_ERROR;
				GCC_WARN_UNDECLARED_SELECTOR = YES;
				GCC_WARN_UNINITIALIZED_AUTOS = YES_AGGRESSIVE;
				GCC_WARN_UNUSED_FUNCTION = YES;
				GCC_WARN_UNUSED_VARIABLE = YES;
				IPHONEOS_DEPLOYMENT_TARGET = 15.5;
				MTL_ENABLE_DEBUG_INFO = INCLUDE_SOURCE;
				MTL_FAST_MATH = YES;
				ONLY_ACTIVE_ARCH = YES;
				SDKROOT = iphoneos;
				SWIFT_ACTIVE_COMPILATION_CONDITIONS = DEBUG;
				SWIFT_OPTIMIZATION_LEVEL = "-Onone";
			};
			name = Debug;
		};
		CDEBB22A284949A900743E37 /* Release */ = {
			isa = XCBuildConfiguration;
			buildSettings = {
				ALWAYS_SEARCH_USER_PATHS = NO;
				CLANG_ANALYZER_NONNULL = YES;
				CLANG_ANALYZER_NUMBER_OBJECT_CONVERSION = YES_AGGRESSIVE;
				CLANG_CXX_LANGUAGE_STANDARD = "gnu++17";
				CLANG_ENABLE_MODULES = YES;
				CLANG_ENABLE_OBJC_ARC = YES;
				CLANG_ENABLE_OBJC_WEAK = YES;
				CLANG_WARN_BLOCK_CAPTURE_AUTORELEASING = YES;
				CLANG_WARN_BOOL_CONVERSION = YES;
				CLANG_WARN_COMMA = YES;
				CLANG_WARN_CONSTANT_CONVERSION = YES;
				CLANG_WARN_DEPRECATED_OBJC_IMPLEMENTATIONS = YES;
				CLANG_WARN_DIRECT_OBJC_ISA_USAGE = YES_ERROR;
				CLANG_WARN_DOCUMENTATION_COMMENTS = YES;
				CLANG_WARN_EMPTY_BODY = YES;
				CLANG_WARN_ENUM_CONVERSION = YES;
				CLANG_WARN_INFINITE_RECURSION = YES;
				CLANG_WARN_INT_CONVERSION = YES;
				CLANG_WARN_NON_LITERAL_NULL_CONVERSION = YES;
				CLANG_WARN_OBJC_IMPLICIT_RETAIN_SELF = YES;
				CLANG_WARN_OBJC_LITERAL_CONVERSION = YES;
				CLANG_WARN_OBJC_ROOT_CLASS = YES_ERROR;
				CLANG_WARN_QUOTED_INCLUDE_IN_FRAMEWORK_HEADER = YES;
				CLANG_WARN_RANGE_LOOP_ANALYSIS = YES;
				CLANG_WARN_STRICT_PROTOTYPES = YES;
				CLANG_WARN_SUSPICIOUS_MOVE = YES;
				CLANG_WARN_UNGUARDED_AVAILABILITY = YES_AGGRESSIVE;
				CLANG_WARN_UNREACHABLE_CODE = YES;
				CLANG_WARN__DUPLICATE_METHOD_MATCH = YES;
				COPY_PHASE_STRIP = NO;
				DEBUG_INFORMATION_FORMAT = "dwarf-with-dsym";
				ENABLE_NS_ASSERTIONS = NO;
				ENABLE_STRICT_OBJC_MSGSEND = YES;
				GCC_C_LANGUAGE_STANDARD = gnu11;
				GCC_NO_COMMON_BLOCKS = YES;
				GCC_WARN_64_TO_32_BIT_CONVERSION = YES;
				GCC_WARN_ABOUT_RETURN_TYPE = YES_ERROR;
				GCC_WARN_UNDECLARED_SELECTOR = YES;
				GCC_WARN_UNINITIALIZED_AUTOS = YES_AGGRESSIVE;
				GCC_WARN_UNUSED_FUNCTION = YES;
				GCC_WARN_UNUSED_VARIABLE = YES;
				IPHONEOS_DEPLOYMENT_TARGET = 15.5;
				MTL_ENABLE_DEBUG_INFO = NO;
				MTL_FAST_MATH = YES;
				SDKROOT = iphoneos;
				SWIFT_COMPILATION_MODE = wholemodule;
				SWIFT_OPTIMIZATION_LEVEL = "-O";
				VALIDATE_PRODUCT = YES;
			};
			name = Release;
		};
		CDEBB22C284949A900743E37 /* Debug */ = {
			isa = XCBuildConfiguration;
			buildSettings = {
				ALWAYS_EMBED_SWIFT_STANDARD_LIBRARIES = YES;
				ASSETCATALOG_COMPILER_APPICON_NAME = AppIcon;
				ASSETCATALOG_COMPILER_GLOBAL_ACCENT_COLOR_NAME = AccentColor;
				CODE_SIGN_STYLE = Automatic;
				CURRENT_PROJECT_VERSION = 1;
				DEVELOPMENT_ASSET_PATHS = "\"Simple Hong Kong Weather Widget/Preview Content\"";
				DEVELOPMENT_TEAM = 37SNL764E4;
				ENABLE_PREVIEWS = YES;
				GENERATE_INFOPLIST_FILE = YES;
				INFOPLIST_KEY_UIApplicationSceneManifest_Generation = YES;
				INFOPLIST_KEY_UIApplicationSupportsIndirectInputEvents = YES;
				INFOPLIST_KEY_UILaunchScreen_Generation = YES;
				INFOPLIST_KEY_UISupportedInterfaceOrientations_iPad = "UIInterfaceOrientationPortrait UIInterfaceOrientationPortraitUpsideDown UIInterfaceOrientationLandscapeLeft UIInterfaceOrientationLandscapeRight";
				INFOPLIST_KEY_UISupportedInterfaceOrientations_iPhone = "UIInterfaceOrientationPortrait UIInterfaceOrientationLandscapeLeft UIInterfaceOrientationLandscapeRight";
				LD_RUNPATH_SEARCH_PATHS = (
					"$(inherited)",
					"@executable_path/Frameworks",
				);
				MARKETING_VERSION = 1.0;
				PRODUCT_BUNDLE_IDENTIFIER = "jackycheung.Simple-Hong-Kong-Weather-Widget";
				PRODUCT_NAME = "$(TARGET_NAME)";
				SWIFT_EMIT_LOC_STRINGS = YES;
				SWIFT_VERSION = 5.0;
				TARGETED_DEVICE_FAMILY = "1,2";
			};
			name = Debug;
		};
		CDEBB22D284949A900743E37 /* Release */ = {
			isa = XCBuildConfiguration;
			buildSettings = {
				ALWAYS_EMBED_SWIFT_STANDARD_LIBRARIES = YES;
				ASSETCATALOG_COMPILER_APPICON_NAME = AppIcon;
				ASSETCATALOG_COMPILER_GLOBAL_ACCENT_COLOR_NAME = AccentColor;
				CODE_SIGN_STYLE = Automatic;
				CURRENT_PROJECT_VERSION = 1;
				DEVELOPMENT_ASSET_PATHS = "\"Simple Hong Kong Weather Widget/Preview Content\"";
				DEVELOPMENT_TEAM = 37SNL764E4;
				ENABLE_PREVIEWS = YES;
				GENERATE_INFOPLIST_FILE = YES;
				INFOPLIST_KEY_UIApplicationSceneManifest_Generation = YES;
				INFOPLIST_KEY_UIApplicationSupportsIndirectInputEvents = YES;
				INFOPLIST_KEY_UILaunchScreen_Generation = YES;
				INFOPLIST_KEY_UISupportedInterfaceOrientations_iPad = "UIInterfaceOrientationPortrait UIInterfaceOrientationPortraitUpsideDown UIInterfaceOrientationLandscapeLeft UIInterfaceOrientationLandscapeRight";
				INFOPLIST_KEY_UISupportedInterfaceOrientations_iPhone = "UIInterfaceOrientationPortrait UIInterfaceOrientationLandscapeLeft UIInterfaceOrientationLandscapeRight";
				LD_RUNPATH_SEARCH_PATHS = (
					"$(inherited)",
					"@executable_path/Frameworks",
				);
				MARKETING_VERSION = 1.0;
				PRODUCT_BUNDLE_IDENTIFIER = "jackycheung.Simple-Hong-Kong-Weather-Widget";
				PRODUCT_NAME = "$(TARGET_NAME)";
				SWIFT_EMIT_LOC_STRINGS = YES;
				SWIFT_VERSION = 5.0;
				TARGETED_DEVICE_FAMILY = "1,2";
			};
			name = Release;
		};
		CDEBB22F284949A900743E37 /* Debug */ = {
			isa = XCBuildConfiguration;
			buildSettings = {
				ALWAYS_EMBED_SWIFT_STANDARD_LIBRARIES = YES;
				BUNDLE_LOADER = "$(TEST_HOST)";
				CODE_SIGN_STYLE = Automatic;
				CURRENT_PROJECT_VERSION = 1;
				GENERATE_INFOPLIST_FILE = YES;
				IPHONEOS_DEPLOYMENT_TARGET = 15.5;
				MARKETING_VERSION = 1.0;
				PRODUCT_BUNDLE_IDENTIFIER = "jackycheung.Simple-Hong-Kong-Weather-WidgetTests";
				PRODUCT_NAME = "$(TARGET_NAME)";
				SWIFT_EMIT_LOC_STRINGS = NO;
				SWIFT_VERSION = 5.0;
				TARGETED_DEVICE_FAMILY = "1,2";
				TEST_HOST = "$(BUILT_PRODUCTS_DIR)/Simple Hong Kong Weather Widget.app/Simple Hong Kong Weather Widget";
			};
			name = Debug;
		};
		CDEBB230284949A900743E37 /* Release */ = {
			isa = XCBuildConfiguration;
			buildSettings = {
				ALWAYS_EMBED_SWIFT_STANDARD_LIBRARIES = YES;
				BUNDLE_LOADER = "$(TEST_HOST)";
				CODE_SIGN_STYLE = Automatic;
				CURRENT_PROJECT_VERSION = 1;
				GENERATE_INFOPLIST_FILE = YES;
				IPHONEOS_DEPLOYMENT_TARGET = 15.5;
				MARKETING_VERSION = 1.0;
				PRODUCT_BUNDLE_IDENTIFIER = "jackycheung.Simple-Hong-Kong-Weather-WidgetTests";
				PRODUCT_NAME = "$(TARGET_NAME)";
				SWIFT_EMIT_LOC_STRINGS = NO;
				SWIFT_VERSION = 5.0;
				TARGETED_DEVICE_FAMILY = "1,2";
				TEST_HOST = "$(BUILT_PRODUCTS_DIR)/Simple Hong Kong Weather Widget.app/Simple Hong Kong Weather Widget";
			};
			name = Release;
		};
		CDEBB232284949A900743E37 /* Debug */ = {
			isa = XCBuildConfiguration;
			buildSettings = {
				ALWAYS_EMBED_SWIFT_STANDARD_LIBRARIES = YES;
				CODE_SIGN_STYLE = Automatic;
				CURRENT_PROJECT_VERSION = 1;
				GENERATE_INFOPLIST_FILE = YES;
				MARKETING_VERSION = 1.0;
				PRODUCT_BUNDLE_IDENTIFIER = "jackycheung.Simple-Hong-Kong-Weather-WidgetUITests";
				PRODUCT_NAME = "$(TARGET_NAME)";
				SWIFT_EMIT_LOC_STRINGS = NO;
				SWIFT_VERSION = 5.0;
				TARGETED_DEVICE_FAMILY = "1,2";
				TEST_TARGET_NAME = "Simple Hong Kong Weather Widget";
			};
			name = Debug;
		};
		CDEBB233284949A900743E37 /* Release */ = {
			isa = XCBuildConfiguration;
			buildSettings = {
				ALWAYS_EMBED_SWIFT_STANDARD_LIBRARIES = YES;
				CODE_SIGN_STYLE = Automatic;
				CURRENT_PROJECT_VERSION = 1;
				GENERATE_INFOPLIST_FILE = YES;
				MARKETING_VERSION = 1.0;
				PRODUCT_BUNDLE_IDENTIFIER = "jackycheung.Simple-Hong-Kong-Weather-WidgetUITests";
				PRODUCT_NAME = "$(TARGET_NAME)";
				SWIFT_EMIT_LOC_STRINGS = NO;
				SWIFT_VERSION = 5.0;
				TARGETED_DEVICE_FAMILY = "1,2";
				TEST_TARGET_NAME = "Simple Hong Kong Weather Widget";
			};
			name = Release;
		};
		CDEBB24828494CA100743E37 /* Debug */ = {
			isa = XCBuildConfiguration;
			buildSettings = {
				ASSETCATALOG_COMPILER_GLOBAL_ACCENT_COLOR_NAME = AccentColor;
				ASSETCATALOG_COMPILER_WIDGET_BACKGROUND_COLOR_NAME = WidgetBackground;
				CODE_SIGN_STYLE = Automatic;
				CURRENT_PROJECT_VERSION = 1;
				DEVELOPMENT_TEAM = 37SNL764E4;
				GENERATE_INFOPLIST_FILE = YES;
				INFOPLIST_FILE = "HK Weather/Info.plist";
				INFOPLIST_KEY_CFBundleDisplayName = "HK Weather";
				INFOPLIST_KEY_NSHumanReadableCopyright = "";
				LD_RUNPATH_SEARCH_PATHS = (
					"$(inherited)",
					"@executable_path/Frameworks",
					"@executable_path/../../Frameworks",
				);
				MARKETING_VERSION = 1.0;
				PRODUCT_BUNDLE_IDENTIFIER = "jackycheung.Simple-Hong-Kong-Weather-Widget.HK-Weather";
				PRODUCT_NAME = "$(TARGET_NAME)";
				SKIP_INSTALL = YES;
				SWIFT_EMIT_LOC_STRINGS = YES;
				SWIFT_VERSION = 5.0;
				TARGETED_DEVICE_FAMILY = "1,2";
			};
			name = Debug;
		};
		CDEBB24928494CA100743E37 /* Release */ = {
			isa = XCBuildConfiguration;
			buildSettings = {
				ASSETCATALOG_COMPILER_GLOBAL_ACCENT_COLOR_NAME = AccentColor;
				ASSETCATALOG_COMPILER_WIDGET_BACKGROUND_COLOR_NAME = WidgetBackground;
				CODE_SIGN_STYLE = Automatic;
				CURRENT_PROJECT_VERSION = 1;
				DEVELOPMENT_TEAM = 37SNL764E4;
				GENERATE_INFOPLIST_FILE = YES;
				INFOPLIST_FILE = "HK Weather/Info.plist";
				INFOPLIST_KEY_CFBundleDisplayName = "HK Weather";
				INFOPLIST_KEY_NSHumanReadableCopyright = "";
				LD_RUNPATH_SEARCH_PATHS = (
					"$(inherited)",
					"@executable_path/Frameworks",
					"@executable_path/../../Frameworks",
				);
				MARKETING_VERSION = 1.0;
				PRODUCT_BUNDLE_IDENTIFIER = "jackycheung.Simple-Hong-Kong-Weather-Widget.HK-Weather";
				PRODUCT_NAME = "$(TARGET_NAME)";
				SKIP_INSTALL = YES;
				SWIFT_EMIT_LOC_STRINGS = YES;
				SWIFT_VERSION = 5.0;
				TARGETED_DEVICE_FAMILY = "1,2";
			};
			name = Release;
		};
/* End XCBuildConfiguration section */

/* Begin XCConfigurationList section */
		CDEBB202284949A300743E37 /* Build configuration list for PBXProject "Simple Hong Kong Weather Widget" */ = {
			isa = XCConfigurationList;
			buildConfigurations = (
				CDEBB229284949A900743E37 /* Debug */,
				CDEBB22A284949A900743E37 /* Release */,
			);
			defaultConfigurationIsVisible = 0;
			defaultConfigurationName = Release;
		};
		CDEBB22B284949A900743E37 /* Build configuration list for PBXNativeTarget "Simple Hong Kong Weather Widget" */ = {
			isa = XCConfigurationList;
			buildConfigurations = (
				CDEBB22C284949A900743E37 /* Debug */,
				CDEBB22D284949A900743E37 /* Release */,
			);
			defaultConfigurationIsVisible = 0;
			defaultConfigurationName = Release;
		};
		CDEBB22E284949A900743E37 /* Build configuration list for PBXNativeTarget "Simple Hong Kong Weather WidgetTests" */ = {
			isa = XCConfigurationList;
			buildConfigurations = (
				CDEBB22F284949A900743E37 /* Debug */,
				CDEBB230284949A900743E37 /* Release */,
			);
			defaultConfigurationIsVisible = 0;
			defaultConfigurationName = Release;
		};
		CDEBB231284949A900743E37 /* Build configuration list for PBXNativeTarget "Simple Hong Kong Weather WidgetUITests" */ = {
			isa = XCConfigurationList;
			buildConfigurations = (
				CDEBB232284949A900743E37 /* Debug */,
				CDEBB233284949A900743E37 /* Release */,
			);
			defaultConfigurationIsVisible = 0;
			defaultConfigurationName = Release;
		};
		CDEBB24728494CA100743E37 /* Build configuration list for PBXNativeTarget "HK WeatherExtension" */ = {
			isa = XCConfigurationList;
			buildConfigurations = (
				CDEBB24828494CA100743E37 /* Debug */,
				CDEBB24928494CA100743E37 /* Release */,
			);
			defaultConfigurationIsVisible = 0;
			defaultConfigurationName = Release;
		};
/* End XCConfigurationList section */
	};
	rootObject = CDEBB1FF284949A300743E37 /* Project object */;
}
